// !$*UTF8*$!
{
	archiveVersion = 1;
	classes = {
	};
	objectVersion = 48;
	objects = {

/* Begin PBXBuildFile section */
		36749FC2201235D900DDADB7 /* AppDelegate.swift in Sources */ = {isa = PBXBuildFile; fileRef = 36749FC1201235D900DDADB7 /* AppDelegate.swift */; };
		36749FC9201235D900DDADB7 /* Main.storyboard in Resources */ = {isa = PBXBuildFile; fileRef = 36749FC7201235D900DDADB7 /* Main.storyboard */; };
		36749FCB201235D900DDADB7 /* Assets.xcassets in Resources */ = {isa = PBXBuildFile; fileRef = 36749FCA201235D900DDADB7 /* Assets.xcassets */; };
		36749FCE201235D900DDADB7 /* LaunchScreen.storyboard in Resources */ = {isa = PBXBuildFile; fileRef = 36749FCC201235D900DDADB7 /* LaunchScreen.storyboard */; };
		36749FD620123C8800DDADB7 /* BookInfoViewController.swift in Sources */ = {isa = PBXBuildFile; fileRef = 36749FD520123C8800DDADB7 /* BookInfoViewController.swift */; };
		36749FD820123E8500DDADB7 /* HomeViewController.swift in Sources */ = {isa = PBXBuildFile; fileRef = 36749FD720123E8500DDADB7 /* HomeViewController.swift */; };
		36D114732012E1CE000A22A6 /* SearchViewController.swift in Sources */ = {isa = PBXBuildFile; fileRef = 36D114722012E1CE000A22A6 /* SearchViewController.swift */; };
/* End PBXBuildFile section */

/* Begin PBXFileReference section */
		36749FBE201235D900DDADB7 /* tmsRead.app */ = {isa = PBXFileReference; explicitFileType = wrapper.application; includeInIndex = 0; path = tmsRead.app; sourceTree = BUILT_PRODUCTS_DIR; };
		36749FC1201235D900DDADB7 /* AppDelegate.swift */ = {isa = PBXFileReference; lastKnownFileType = sourcecode.swift; path = AppDelegate.swift; sourceTree = "<group>"; };
		36749FC8201235D900DDADB7 /* Base */ = {isa = PBXFileReference; lastKnownFileType = file.storyboard; name = Base; path = Base.lproj/Main.storyboard; sourceTree = "<group>"; };
		36749FCA201235D900DDADB7 /* Assets.xcassets */ = {isa = PBXFileReference; lastKnownFileType = folder.assetcatalog; path = Assets.xcassets; sourceTree = "<group>"; };
		36749FCD201235D900DDADB7 /* Base */ = {isa = PBXFileReference; lastKnownFileType = file.storyboard; name = Base; path = Base.lproj/LaunchScreen.storyboard; sourceTree = "<group>"; };
		36749FCF201235D900DDADB7 /* Info.plist */ = {isa = PBXFileReference; lastKnownFileType = text.plist.xml; path = Info.plist; sourceTree = "<group>"; };
		36749FD520123C8800DDADB7 /* BookInfoViewController.swift */ = {isa = PBXFileReference; lastKnownFileType = sourcecode.swift; path = BookInfoViewController.swift; sourceTree = "<group>"; };
		36749FD720123E8500DDADB7 /* HomeViewController.swift */ = {isa = PBXFileReference; lastKnownFileType = sourcecode.swift; path = HomeViewController.swift; sourceTree = "<group>"; };
		36D114722012E1CE000A22A6 /* SearchViewController.swift */ = {isa = PBXFileReference; lastKnownFileType = sourcecode.swift; path = SearchViewController.swift; sourceTree = "<group>"; };
/* End PBXFileReference section */

/* Begin PBXFrameworksBuildPhase section */
		36749FBB201235D900DDADB7 /* Frameworks */ = {
			isa = PBXFrameworksBuildPhase;
			buildActionMask = 2147483647;
			files = (
			);
			runOnlyForDeploymentPostprocessing = 0;
		};
/* End PBXFrameworksBuildPhase section */

/* Begin PBXGroup section */
		36749FB5201235D900DDADB7 = {
			isa = PBXGroup;
			children = (
				36749FC0201235D900DDADB7 /* tmsRead */,
				36749FBF201235D900DDADB7 /* Products */,
			);
			sourceTree = "<group>";
		};
		36749FBF201235D900DDADB7 /* Products */ = {
			isa = PBXGroup;
			children = (
				36749FBE201235D900DDADB7 /* tmsRead.app */,
			);
			name = Products;
			sourceTree = "<group>";
		};
		36749FC0201235D900DDADB7 /* tmsRead */ = {
			isa = PBXGroup;
			children = (
				36749FC1201235D900DDADB7 /* AppDelegate.swift */,
				36749FD720123E8500DDADB7 /* HomeViewController.swift */,
				36749FD520123C8800DDADB7 /* BookInfoViewController.swift */,
				36D114722012E1CE000A22A6 /* SearchViewController.swift */,
				36749FC7201235D900DDADB7 /* Main.storyboard */,
				36749FCA201235D900DDADB7 /* Assets.xcassets */,
				36749FCC201235D900DDADB7 /* LaunchScreen.storyboard */,
				36749FCF201235D900DDADB7 /* Info.plist */,
			);
			path = tmsRead;
			sourceTree = "<group>";
		};
/* End PBXGroup section */

/* Begin PBXNativeTarget section */
		36749FBD201235D900DDADB7 /* tmsRead */ = {
			isa = PBXNativeTarget;
			buildConfigurationList = 36749FD2201235D900DDADB7 /* Build configuration list for PBXNativeTarget "tmsRead" */;
			buildPhases = (
				36749FBA201235D900DDADB7 /* Sources */,
				36749FBB201235D900DDADB7 /* Frameworks */,
				36749FBC201235D900DDADB7 /* Resources */,
			);
			buildRules = (
			);
			dependencies = (
			);
			name = tmsRead;
			productName = tmsRead;
			productReference = 36749FBE201235D900DDADB7 /* tmsRead.app */;
			productType = "com.apple.product-type.application";
		};
/* End PBXNativeTarget section */

/* Begin PBXProject section */
		36749FB6201235D900DDADB7 /* Project object */ = {
			isa = PBXProject;
			attributes = {
				LastSwiftUpdateCheck = 0920;
				LastUpgradeCheck = 0920;
				ORGANIZATIONNAME = "Wong Hong Ngai";
				TargetAttributes = {
					36749FBD201235D900DDADB7 = {
						CreatedOnToolsVersion = 9.2;
						ProvisioningStyle = Automatic;
					};
				};
			};
			buildConfigurationList = 36749FB9201235D900DDADB7 /* Build configuration list for PBXProject "tmsRead" */;
			compatibilityVersion = "Xcode 8.0";
			developmentRegion = en;
			hasScannedForEncodings = 0;
			knownRegions = (
				en,
				Base,
			);
			mainGroup = 36749FB5201235D900DDADB7;
			productRefGroup = 36749FBF201235D900DDADB7 /* Products */;
			projectDirPath = "";
			projectRoot = "";
			targets = (
				36749FBD201235D900DDADB7 /* tmsRead */,
			);
		};
/* End PBXProject section */

/* Begin PBXResourcesBuildPhase section */
		36749FBC201235D900DDADB7 /* Resources */ = {
			isa = PBXResourcesBuildPhase;
			buildActionMask = 2147483647;
			files = (
				36749FCE201235D900DDADB7 /* LaunchScreen.storyboard in Resources */,
				36749FCB201235D900DDADB7 /* Assets.xcassets in Resources */,
				36749FC9201235D900DDADB7 /* Main.storyboard in Resources */,
			);
			runOnlyForDeploymentPostprocessing = 0;
		};
/* End PBXResourcesBuildPhase section */

/* Begin PBXSourcesBuildPhase section */
		36749FBA201235D900DDADB7 /* Sources */ = {
			isa = PBXSourcesBuildPhase;
			buildActionMask = 2147483647;
			files = (
				36749FC2201235D900DDADB7 /* AppDelegate.swift in Sources */,
				36749FD620123C8800DDADB7 /* BookInfoViewController.swift in Sources */,
				36D114732012E1CE000A22A6 /* SearchViewController.swift in Sources */,
				36749FD820123E8500DDADB7 /* HomeViewController.swift in Sources */,
			);
			runOnlyForDeploymentPostprocessing = 0;
		};
/* End PBXSourcesBuildPhase section */

/* Begin PBXVariantGroup section */
		36749FC7201235D900DDADB7 /* Main.storyboard */ = {
			isa = PBXVariantGroup;
			children = (
				36749FC8201235D900DDADB7 /* Base */,
			);
			name = Main.storyboard;
			sourceTree = "<group>";
		};
		36749FCC201235D900DDADB7 /* LaunchScreen.storyboard */ = {
			isa = PBXVariantGroup;
			children = (
				36749FCD201235D900DDADB7 /* Base */,
			);
			name = LaunchScreen.storyboard;
			sourceTree = "<group>";
		};
/* End PBXVariantGroup section */

/* Begin XCBuildConfiguration section */
		36749FD0201235D900DDADB7 /* Debug */ = {
			isa = XCBuildConfiguration;
			buildSettings = {
				ALWAYS_SEARCH_USER_PATHS = NO;
				CLANG_ANALYZER_NONNULL = YES;
				CLANG_ANALYZER_NUMBER_OBJECT_CONVERSION = YES_AGGRESSIVE;
				CLANG_CXX_LANGUAGE_STANDARD = "gnu++14";
				CLANG_CXX_LIBRARY = "libc++";
				CLANG_ENABLE_MODULES = YES;
				CLANG_ENABLE_OBJC_ARC = YES;
				CLANG_WARN_BLOCK_CAPTURE_AUTORELEASING = YES;
				CLANG_WARN_BOOL_CONVERSION = YES;
				CLANG_WARN_COMMA = YES;
				CLANG_WARN_CONSTANT_CONVERSION = YES;
				CLANG_WARN_DIRECT_OBJC_ISA_USAGE = YES_ERROR;
				CLANG_WARN_DOCUMENTATION_COMMENTS = YES;
				CLANG_WARN_EMPTY_BODY = YES;
				CLANG_WARN_ENUM_CONVERSION = YES;
				CLANG_WARN_INFINITE_RECURSION = YES;
				CLANG_WARN_INT_CONVERSION = YES;
				CLANG_WARN_NON_LITERAL_NULL_CONVERSION = YES;
				CLANG_WARN_OBJC_LITERAL_CONVERSION = YES;
				CLANG_WARN_OBJC_ROOT_CLASS = YES_ERROR;
				CLANG_WARN_RANGE_LOOP_ANALYSIS = YES;
				CLANG_WARN_STRICT_PROTOTYPES = YES;
				CLANG_WARN_SUSPICIOUS_MOVE = YES;
				CLANG_WARN_UNGUARDED_AVAILABILITY = YES_AGGRESSIVE;
				CLANG_WARN_UNREACHABLE_CODE = YES;
				CLANG_WARN__DUPLICATE_METHOD_MATCH = YES;
				CODE_SIGN_IDENTITY = "iPhone Developer";
				COPY_PHASE_STRIP = NO;
				DEBUG_INFORMATION_FORMAT = dwarf;
				ENABLE_STRICT_OBJC_MSGSEND = YES;
				ENABLE_TESTABILITY = YES;
				GCC_C_LANGUAGE_STANDARD = gnu11;
				GCC_DYNAMIC_NO_PIC = NO;
				GCC_NO_COMMON_BLOCKS = YES;
				GCC_OPTIMIZATION_LEVEL = 0;
				GCC_PREPROCESSOR_DEFINITIONS = (
					"DEBUG=1",
					"$(inherited)",
				);
				GCC_WARN_64_TO_32_BIT_CONVERSION = YES;
				GCC_WARN_ABOUT_RETURN_TYPE = YES_ERROR;
				GCC_WARN_UNDECLARED_SELECTOR = YES;
				GCC_WARN_UNINITIALIZED_AUTOS = YES_AGGRESSIVE;
				GCC_WARN_UNUSED_FUNCTION = YES;
				GCC_WARN_UNUSED_VARIABLE = YES;
				IPHONEOS_DEPLOYMENT_TARGET = 11.2;
				MTL_ENABLE_DEBUG_INFO = YES;
				ONLY_ACTIVE_ARCH = YES;
				SDKROOT = iphoneos;
				SWIFT_ACTIVE_COMPILATION_CONDITIONS = DEBUG;
				SWIFT_OPTIMIZATION_LEVEL = "-Onone";
			};
			name = Debug;
		};
		36749FD1201235D900DDADB7 /* Release */ = {
			isa = XCBuildConfiguration;
			buildSettings = {
				ALWAYS_SEARCH_USER_PATHS = NO;
				CLANG_ANALYZER_NONNULL = YES;
				CLANG_ANALYZER_NUMBER_OBJECT_CONVERSION = YES_AGGRESSIVE;
				CLANG_CXX_LANGUAGE_STANDARD = "gnu++14";
				CLANG_CXX_LIBRARY = "libc++";
				CLANG_ENABLE_MODULES = YES;
				CLANG_ENABLE_OBJC_ARC = YES;
				CLANG_WARN_BLOCK_CAPTURE_AUTORELEASING = YES;
				CLANG_WARN_BOOL_CONVERSION = YES;
				CLANG_WARN_COMMA = YES;
				CLANG_WARN_CONSTANT_CONVERSION = YES;
				CLANG_WARN_DIRECT_OBJC_ISA_USAGE = YES_ERROR;
				CLANG_WARN_DOCUMENTATION_COMMENTS = YES;
				CLANG_WARN_EMPTY_BODY = YES;
				CLANG_WARN_ENUM_CONVERSION = YES;
				CLANG_WARN_INFINITE_RECURSION = YES;
				CLANG_WARN_INT_CONVERSION = YES;
				CLANG_WARN_NON_LITERAL_NULL_CONVERSION = YES;
				CLANG_WARN_OBJC_LITERAL_CONVERSION = YES;
				CLANG_WARN_OBJC_ROOT_CLASS = YES_ERROR;
				CLANG_WARN_RANGE_LOOP_ANALYSIS = YES;
				CLANG_WARN_STRICT_PROTOTYPES = YES;
				CLANG_WARN_SUSPICIOUS_MOVE = YES;
				CLANG_WARN_UNGUARDED_AVAILABILITY = YES_AGGRESSIVE;
				CLANG_WARN_UNREACHABLE_CODE = YES;
				CLANG_WARN__DUPLICATE_METHOD_MATCH = YES;
				CODE_SIGN_IDENTITY = "iPhone Developer";
				COPY_PHASE_STRIP = NO;
				DEBUG_INFORMATION_FORMAT = "dwarf-with-dsym";
				ENABLE_NS_ASSERTIONS = NO;
				ENABLE_STRICT_OBJC_MSGSEND = YES;
				GCC_C_LANGUAGE_STANDARD = gnu11;
				GCC_NO_COMMON_BLOCKS = YES;
				GCC_WARN_64_TO_32_BIT_CONVERSION = YES;
				GCC_WARN_ABOUT_RETURN_TYPE = YES_ERROR;
				GCC_WARN_UNDECLARED_SELECTOR = YES;
				GCC_WARN_UNINITIALIZED_AUTOS = YES_AGGRESSIVE;
				GCC_WARN_UNUSED_FUNCTION = YES;
				GCC_WARN_UNUSED_VARIABLE = YES;
				IPHONEOS_DEPLOYMENT_TARGET = 11.2;
				MTL_ENABLE_DEBUG_INFO = NO;
				SDKROOT = iphoneos;
				SWIFT_OPTIMIZATION_LEVEL = "-Owholemodule";
				VALIDATE_PRODUCT = YES;
			};
			name = Release;
		};
		36749FD3201235D900DDADB7 /* Debug */ = {
			isa = XCBuildConfiguration;
			buildSettings = {
				ASSETCATALOG_COMPILER_APPICON_NAME = AppIcon;
				CODE_SIGN_STYLE = Automatic;
				DEVELOPMENT_TEAM = 9R93BLSCX4;
				INFOPLIST_FILE = tmsRead/Info.plist;
				LD_RUNPATH_SEARCH_PATHS = "$(inherited) @executable_path/Frameworks";
				PRODUCT_BUNDLE_IDENTIFIER = HN.tmsRead;
				PRODUCT_NAME = "$(TARGET_NAME)";
				SWIFT_VERSION = 4.0;
				TARGETED_DEVICE_FAMILY = "1,2";
			};
			name = Debug;
		};
		36749FD4201235D900DDADB7 /* Release */ = {
			isa = XCBuildConfiguration;
			buildSettings = {
				ASSETCATALOG_COMPILER_APPICON_NAME = AppIcon;
				CODE_SIGN_STYLE = Automatic;
				DEVELOPMENT_TEAM = 9R93BLSCX4;
				INFOPLIST_FILE = tmsRead/Info.plist;
				LD_RUNPATH_SEARCH_PATHS = "$(inherited) @executable_path/Frameworks";
				PRODUCT_BUNDLE_IDENTIFIER = HN.tmsRead;
				PRODUCT_NAME = "$(TARGET_NAME)";
				SWIFT_VERSION = 4.0;
				TARGETED_DEVICE_FAMILY = "1,2";
			};
			name = Release;
		};
/* End XCBuildConfiguration section */

/* Begin XCConfigurationList section */
		36749FB9201235D900DDADB7 /* Build configuration list for PBXProject "tmsRead" */ = {
			isa = XCConfigurationList;
			buildConfigurations = (
				36749FD0201235D900DDADB7 /* Debug */,
				36749FD1201235D900DDADB7 /* Release */,
			);
			defaultConfigurationIsVisible = 0;
			defaultConfigurationName = Release;
		};
		36749FD2201235D900DDADB7 /* Build configuration list for PBXNativeTarget "tmsRead" */ = {
			isa = XCConfigurationList;
			buildConfigurations = (
				36749FD3201235D900DDADB7 /* Debug */,
				36749FD4201235D900DDADB7 /* Release */,
			);
			defaultConfigurationIsVisible = 0;
			defaultConfigurationName = Release;
		};
/* End XCConfigurationList section */
	};
	rootObject = 36749FB6201235D900DDADB7 /* Project object */;
}
